
Microsoft Visual Studio Solution File, Format Version 12.00
# Visual Studio Version 17
VisualStudioVersion = 17.6.33723.286
MinimumVisualStudioVersion = 10.0.40219.1
Project("{9A19103F-16F7-4668-BE54-9A1E7A4F7556}") = "PhaseSync.Blazor", "src\PhaseSync\PhaseSync.Blazor.csproj", "{2D30F7D4-CFD3-44C4-9F08-680F2B77DE17}"
EndProject
Project("{9A19103F-16F7-4668-BE54-9A1E7A4F7556}") = "PhaseSync.Core", "src\PhaseSync.Core\PhaseSync.Core.csproj", "{C688FF9E-DD24-464B-9F7A-B4E2E7A3E4EF}"
EndProject
Project("{2150E333-8FDC-42A3-9474-1A3956D46DE8}") = "UnitTests", "UnitTests", "{5EB496F7-8A50-4579-846C-1D145DE3D488}"
EndProject
Project("{9A19103F-16F7-4668-BE54-9A1E7A4F7556}") = "Test.PhaseSync.Core", "tests\Test.PhaseSync.Core\Test.PhaseSync.Core.csproj", "{ACB87DCA-00C8-426E-A5AA-3CE23ACB0DE1}"
EndProject
Project("{9A19103F-16F7-4668-BE54-9A1E7A4F7556}") = "Test.PhaseSync.Datum", "tests\Test.PhaseSync.Datum\Test.PhaseSync.Datum.csproj", "{6B342D65-6BCA-4899-9AA2-852C5691B013}"
EndProject
Global
	GlobalSection(SolutionConfigurationPlatforms) = preSolution
		Debug|Any CPU = Debug|Any CPU
		Release|Any CPU = Release|Any CPU
	EndGlobalSection
	GlobalSection(ProjectConfigurationPlatforms) = postSolution
		{2D30F7D4-CFD3-44C4-9F08-680F2B77DE17}.Debug|Any CPU.ActiveCfg = Debug|Any CPU
		{2D30F7D4-CFD3-44C4-9F08-680F2B77DE17}.Debug|Any CPU.Build.0 = Debug|Any CPU
		{2D30F7D4-CFD3-44C4-9F08-680F2B77DE17}.Release|Any CPU.ActiveCfg = Release|Any CPU
		{2D30F7D4-CFD3-44C4-9F08-680F2B77DE17}.Release|Any CPU.Build.0 = Release|Any CPU
		{C688FF9E-DD24-464B-9F7A-B4E2E7A3E4EF}.Debug|Any CPU.ActiveCfg = Debug|Any CPU
		{C688FF9E-DD24-464B-9F7A-B4E2E7A3E4EF}.Debug|Any CPU.Build.0 = Debug|Any CPU
		{C688FF9E-DD24-464B-9F7A-B4E2E7A3E4EF}.Release|Any CPU.ActiveCfg = Release|Any CPU
		{C688FF9E-DD24-464B-9F7A-B4E2E7A3E4EF}.Release|Any CPU.Build.0 = Release|Any CPU
		{ACB87DCA-00C8-426E-A5AA-3CE23ACB0DE1}.Debug|Any CPU.ActiveCfg = Debug|Any CPU
		{ACB87DCA-00C8-426E-A5AA-3CE23ACB0DE1}.Debug|Any CPU.Build.0 = Debug|Any CPU
		{ACB87DCA-00C8-426E-A5AA-3CE23ACB0DE1}.Release|Any CPU.ActiveCfg = Release|Any CPU
		{ACB87DCA-00C8-426E-A5AA-3CE23ACB0DE1}.Release|Any CPU.Build.0 = Release|Any CPU
		{6B342D65-6BCA-4899-9AA2-852C5691B013}.Debug|Any CPU.ActiveCfg = Debug|Any CPU
		{6B342D65-6BCA-4899-9AA2-852C5691B013}.Debug|Any CPU.Build.0 = Debug|Any CPU
		{6B342D65-6BCA-4899-9AA2-852C5691B013}.Release|Any CPU.ActiveCfg = Release|Any CPU
		{6B342D65-6BCA-4899-9AA2-852C5691B013}.Release|Any CPU.Build.0 = Release|Any CPU
	EndGlobalSection
	GlobalSection(SolutionProperties) = preSolution
		HideSolutionNode = FALSE
	EndGlobalSection
	GlobalSection(NestedProjects) = preSolution
		{ACB87DCA-00C8-426E-A5AA-3CE23ACB0DE1} = {5EB496F7-8A50-4579-846C-1D145DE3D488}
		{6B342D65-6BCA-4899-9AA2-852C5691B013} = {5EB496F7-8A50-4579-846C-1D145DE3D488}
	EndGlobalSection
	GlobalSection(ExtensibilityGlobals) = postSolution
		SolutionGuid = {2640C139-92E4-4554-A511-FF138069A836}
	EndGlobalSection
EndGlobal
